
Microsoft Visual Studio Solution File, Format Version 12.00
# Visual Studio 15
VisualStudioVersion = 15.0.28306.52
MinimumVisualStudioVersion = 10.0.40219.1
Project("{9A19103F-16F7-4668-BE54-9A1E7A4F7556}") = "_01_EMPTY_PROJECT", "_01_EMPTY_PROJECT\_01_EMPTY_PROJECT.csproj", "{D034B535-098D-4F58-87F8-90B3C28959FC}"
EndProject
Project("{9A19103F-16F7-4668-BE54-9A1E7A4F7556}") = "_02_MIDDLEWARE", "_02_MIDDLEWARE\_02_MIDDLEWARE.csproj", "{3E6AA2C6-0494-44AF-8B16-1017110485F6}"
EndProject
Project("{9A19103F-16F7-4668-BE54-9A1E7A4F7556}") = "_03_MIDDLEWARE_PASSING_PARAMETERS", "_03_MIDDLEWARE_PASSING_PARAMETERS\_03_MIDDLEWARE_PASSING_PARAMETERS.csproj", "{2431783C-B360-4124-B7DC-2170946D0BD5}"
EndProject
Project("{9A19103F-16F7-4668-BE54-9A1E7A4F7556}") = "_04_DEPENDENCY_INJECTION", "_04_DEPENDENCY_INJECTION\_04_DEPENDENCY_INJECTION.csproj", "{E07B08F4-14C9-4C37-AE52-31DEC683D5C8}"
EndProject
Project("{9A19103F-16F7-4668-BE54-9A1E7A4F7556}") = "_05_CONFIGURATION", "_05_CONFIGURATION\_05_CONFIGURATION.csproj", "{59D7C68D-70C2-4626-9690-068D8C8C4704}"
EndProject
Project("{9A19103F-16F7-4668-BE54-9A1E7A4F7556}") = "_06_SECRET_MANAGER", "_06_SECRET_MANAGER\_06_SECRET_MANAGER.csproj", "{FA3AD6D7-E3A0-43BD-AAB3-B789778311FD}"
EndProject
Project("{9A19103F-16F7-4668-BE54-9A1E7A4F7556}") = "_07_ENVIRONMENTS", "_07_ENVIRONMENTS\_07_ENVIRONMENTS.csproj", "{50017357-98F0-4249-9019-1FF9581BBDB5}"
EndProject
Project("{9A19103F-16F7-4668-BE54-9A1E7A4F7556}") = "_08_STATIC_FILES", "_08_STATIC_FILES\_08_STATIC_FILES.csproj", "{9CDCA459-65F3-488C-A62C-8CBCD8A657E4}"
EndProject
Project("{9A19103F-16F7-4668-BE54-9A1E7A4F7556}") = "_09_ERROR_PAGES", "_09_ERROR_PAGES\_09_ERROR_PAGES.csproj", "{5F6F3DBC-3EBB-415C-BFC1-BA4B3163C322}"
EndProject
Project("{9A19103F-16F7-4668-BE54-9A1E7A4F7556}") = "_10_LOGGING", "_10_LOGGING\_10_LOGGING.csproj", "{85CE7319-EF29-4756-A791-CB6A0F78E91C}"
EndProject
Project("{9A19103F-16F7-4668-BE54-9A1E7A4F7556}") = "_11_LOGGING_STRUCTURED", "_11_LOGGING_STRUCTURED\_11_LOGGING_STRUCTURED.csproj", "{394143CB-8103-4E23-8781-BE14D9D877D8}"
EndProject
Project("{9A19103F-16F7-4668-BE54-9A1E7A4F7556}") = "_12_SESSION_STATE", "_12_SESSION_STATE\_12_SESSION_STATE.csproj", "{28EF0738-BA30-4970-9657-D873E9C62521}"
EndProject
Project("{9A19103F-16F7-4668-BE54-9A1E7A4F7556}") = "_13_FILE_PROVIDERS", "_13_FILE_PROVIDERS\_13_FILE_PROVIDERS.csproj", "{48F07D07-F92F-4C6C-B729-CBC6C4DC80A7}"
EndProject
Project("{9A19103F-16F7-4668-BE54-9A1E7A4F7556}") = "_14_URL_REWRITING", "_14_URL_REWRITING\_14_URL_REWRITING.csproj", "{89E309CF-7476-4A7E-B9CE-DE78728E0641}"
EndProject
Project("{9A19103F-16F7-4668-BE54-9A1E7A4F7556}") = "_15_MVC_ROUTING", "_15_MVC_ROUTING\_15_MVC_ROUTING.csproj", "{B2EBF503-86DD-4271-8969-D9178F56C304}"
EndProject
Project("{9A19103F-16F7-4668-BE54-9A1E7A4F7556}") = "_16_MVC_MODEL_BINDING", "_16_MVC_MODEL_BINDING\_16_MVC_MODEL_BINDING.csproj", "{F7545DBA-1209-497D-B69E-7368CBBD7A33}"
EndProject
Project("{9A19103F-16F7-4668-BE54-9A1E7A4F7556}") = "_17_MVC_MODEL_BINDING_CUSTOM", "_17_MVC_CUSTOM_MODEL_BINDING\_17_MVC_MODEL_BINDING_CUSTOM.csproj", "{A708D20B-070D-4D36-B11E-63011F9C0126}"
EndProject
Project("{9A19103F-16F7-4668-BE54-9A1E7A4F7556}") = "_18_MVC_MODEL_VALIDATION", "_18_MVC_MODEL_VALIDATION\_18_MVC_MODEL_VALIDATION.csproj", "{8C0ED3AF-C03F-46AF-951D-34B48CCC0FDD}"
EndProject
Project("{9A19103F-16F7-4668-BE54-9A1E7A4F7556}") = "_19_MVC_MODEL_VALIDATION_REMOTE", "_19_MVC_MODEL_VALIDATION_REMOTE\_19_MVC_MODEL_VALIDATION_REMOTE.csproj", "{2A9BCDB8-2288-42C3-BDBB-04B11611FC6F}"
EndProject
Project("{9A19103F-16F7-4668-BE54-9A1E7A4F7556}") = "_20_MVC_RAZOR", "_20_MVC_RAZOR\_20_MVC_RAZOR.csproj", "{1EE50E61-8A3B-4638-BA75-EF25F35089D2}"
EndProject
Project("{9A19103F-16F7-4668-BE54-9A1E7A4F7556}") = "_21_MVC_DEPENDENCY_INJECTION_IN_VIEWS", "_21_MVC_DEPENDENCY_INJECTION_IN_VIEWS\_21_MVC_DEPENDENCY_INJECTION_IN_VIEWS.csproj", "{A9AEF160-8F25-407B-B6E5-AC40ED7DD026}"
EndProject
Project("{9A19103F-16F7-4668-BE54-9A1E7A4F7556}") = "_22_MVC_LAYOUT_PAGES", "_22_MVC_LAYOUT_PAGES\_22_MVC_LAYOUT_PAGES.csproj", "{08B731BC-29DF-44E3-B2A3-1096932DD87F}"
EndProject
Project("{9A19103F-16F7-4668-BE54-9A1E7A4F7556}") = "_23_MVC_PARTIAL_VIEWS", "_23_MVC_PARTIAL_VIEWS\_23_MVC_PARTIAL_VIEWS.csproj", "{1BB82229-52A6-4818-9080-18E007963908}"
EndProject
Project("{9A19103F-16F7-4668-BE54-9A1E7A4F7556}") = "_24_MVC_VIEW_COMPONENTS", "_24_MVC_VIEW_COMPONENTS\_24_MVC_VIEW_COMPONENTS.csproj", "{FE92DB58-685A-47A8-A768-01D3A331AD1C}"
EndProject
Project("{9A19103F-16F7-4668-BE54-9A1E7A4F7556}") = "_25_MVC_AREAS", "_25_MVC_AREAS\_25_MVC_AREAS.csproj", "{B35DC816-304C-4628-88EA-96FD9C44B3B9}"
EndProject
Project("{9A19103F-16F7-4668-BE54-9A1E7A4F7556}") = "_26_MVC_TAG_HELPERS", "_26_MVC_TAG_HELPERS\_26_MVC_TAG_HELPERS.csproj", "{3E5D9C24-CBDF-4365-BF89-ACF4A961885C}"
EndProject
Project("{9A19103F-16F7-4668-BE54-9A1E7A4F7556}") = "_27_MVC_TAG_HELPERS_CUSTOM", "_27_MVC_TAG_HELPERS_CUSTOM\_27_MVC_TAG_HELPERS_CUSTOM.csproj", "{B6364FFE-B08E-4D59-80D2-83ACAB9CADD7}"
EndProject
Project("{9A19103F-16F7-4668-BE54-9A1E7A4F7556}") = "_28_MVC_DISTRIBUTED_CACHE_TAG_HELPER", "_28_MVC_DISTRIBUTED_CACHE_TAG_HELPER\_28_MVC_DISTRIBUTED_CACHE_TAG_HELPER.csproj", "{2509F1D5-3665-4365-B104-9C3D25507B14}"
EndProject
Project("{9A19103F-16F7-4668-BE54-9A1E7A4F7556}") = "_29_MVC_TAG_HELPER_COMPONENT", "_29_MVC_TAG_HELPER_COMPONENT\_29_MVC_TAG_HELPER_COMPONENT.csproj", "{B06D9FC0-B56F-4237-8508-AE8BCE3ADC44}"
EndProject
Project("{9A19103F-16F7-4668-BE54-9A1E7A4F7556}") = "_30_MVC_UPLOAD_DOWNLOAD_FILES", "_30_MVC_UPLOAD_DOWNLOAD_FILES\_30_MVC_UPLOAD_DOWNLOAD_FILES.csproj", "{750203CD-8435-4BA9-BA9D-50CB43C20766}"
EndProject
Project("{9A19103F-16F7-4668-BE54-9A1E7A4F7556}") = "_31_MVC_FILTERS", "_31_MVC_FILTERS\_31_MVC_FILTERS.csproj", "{11B23783-05B6-4BE7-AEB4-E5DD9E91146D}"
EndProject
Project("{9A19103F-16F7-4668-BE54-9A1E7A4F7556}") = "_32_MVC_RAZOR_PAGES", "_32_MVC_RAZOR_PAGES\_32_MVC_RAZOR_PAGES.csproj", "{D0ABA02D-AE5F-47D1-AD22-0D640C19DE01}"
EndProject
Global
	GlobalSection(SolutionConfigurationPlatforms) = preSolution
		Debug|Any CPU = Debug|Any CPU
		Release|Any CPU = Release|Any CPU
	EndGlobalSection
	GlobalSection(ProjectConfigurationPlatforms) = postSolution
		{D034B535-098D-4F58-87F8-90B3C28959FC}.Debug|Any CPU.ActiveCfg = Debug|Any CPU
		{D034B535-098D-4F58-87F8-90B3C28959FC}.Debug|Any CPU.Build.0 = Debug|Any CPU
		{D034B535-098D-4F58-87F8-90B3C28959FC}.Release|Any CPU.ActiveCfg = Release|Any CPU
		{D034B535-098D-4F58-87F8-90B3C28959FC}.Release|Any CPU.Build.0 = Release|Any CPU
		{3E6AA2C6-0494-44AF-8B16-1017110485F6}.Debug|Any CPU.ActiveCfg = Debug|Any CPU
		{3E6AA2C6-0494-44AF-8B16-1017110485F6}.Debug|Any CPU.Build.0 = Debug|Any CPU
		{3E6AA2C6-0494-44AF-8B16-1017110485F6}.Release|Any CPU.ActiveCfg = Release|Any CPU
		{3E6AA2C6-0494-44AF-8B16-1017110485F6}.Release|Any CPU.Build.0 = Release|Any CPU
		{2431783C-B360-4124-B7DC-2170946D0BD5}.Debug|Any CPU.ActiveCfg = Debug|Any CPU
		{2431783C-B360-4124-B7DC-2170946D0BD5}.Debug|Any CPU.Build.0 = Debug|Any CPU
		{2431783C-B360-4124-B7DC-2170946D0BD5}.Release|Any CPU.ActiveCfg = Release|Any CPU
		{2431783C-B360-4124-B7DC-2170946D0BD5}.Release|Any CPU.Build.0 = Release|Any CPU
		{E07B08F4-14C9-4C37-AE52-31DEC683D5C8}.Debug|Any CPU.ActiveCfg = Debug|Any CPU
		{E07B08F4-14C9-4C37-AE52-31DEC683D5C8}.Debug|Any CPU.Build.0 = Debug|Any CPU
		{E07B08F4-14C9-4C37-AE52-31DEC683D5C8}.Release|Any CPU.ActiveCfg = Release|Any CPU
		{E07B08F4-14C9-4C37-AE52-31DEC683D5C8}.Release|Any CPU.Build.0 = Release|Any CPU
		{59D7C68D-70C2-4626-9690-068D8C8C4704}.Debug|Any CPU.ActiveCfg = Debug|Any CPU
		{59D7C68D-70C2-4626-9690-068D8C8C4704}.Debug|Any CPU.Build.0 = Debug|Any CPU
		{59D7C68D-70C2-4626-9690-068D8C8C4704}.Release|Any CPU.ActiveCfg = Release|Any CPU
		{59D7C68D-70C2-4626-9690-068D8C8C4704}.Release|Any CPU.Build.0 = Release|Any CPU
		{FA3AD6D7-E3A0-43BD-AAB3-B789778311FD}.Debug|Any CPU.ActiveCfg = Debug|Any CPU
		{FA3AD6D7-E3A0-43BD-AAB3-B789778311FD}.Debug|Any CPU.Build.0 = Debug|Any CPU
		{FA3AD6D7-E3A0-43BD-AAB3-B789778311FD}.Release|Any CPU.ActiveCfg = Release|Any CPU
		{FA3AD6D7-E3A0-43BD-AAB3-B789778311FD}.Release|Any CPU.Build.0 = Release|Any CPU
		{50017357-98F0-4249-9019-1FF9581BBDB5}.Debug|Any CPU.ActiveCfg = Debug|Any CPU
		{50017357-98F0-4249-9019-1FF9581BBDB5}.Debug|Any CPU.Build.0 = Debug|Any CPU
		{50017357-98F0-4249-9019-1FF9581BBDB5}.Release|Any CPU.ActiveCfg = Release|Any CPU
		{50017357-98F0-4249-9019-1FF9581BBDB5}.Release|Any CPU.Build.0 = Release|Any CPU
		{9CDCA459-65F3-488C-A62C-8CBCD8A657E4}.Debug|Any CPU.ActiveCfg = Debug|Any CPU
		{9CDCA459-65F3-488C-A62C-8CBCD8A657E4}.Debug|Any CPU.Build.0 = Debug|Any CPU
		{9CDCA459-65F3-488C-A62C-8CBCD8A657E4}.Release|Any CPU.ActiveCfg = Release|Any CPU
		{9CDCA459-65F3-488C-A62C-8CBCD8A657E4}.Release|Any CPU.Build.0 = Release|Any CPU
		{5F6F3DBC-3EBB-415C-BFC1-BA4B3163C322}.Debug|Any CPU.ActiveCfg = Debug|Any CPU
		{5F6F3DBC-3EBB-415C-BFC1-BA4B3163C322}.Debug|Any CPU.Build.0 = Debug|Any CPU
		{5F6F3DBC-3EBB-415C-BFC1-BA4B3163C322}.Release|Any CPU.ActiveCfg = Release|Any CPU
		{5F6F3DBC-3EBB-415C-BFC1-BA4B3163C322}.Release|Any CPU.Build.0 = Release|Any CPU
		{85CE7319-EF29-4756-A791-CB6A0F78E91C}.Debug|Any CPU.ActiveCfg = Debug|Any CPU
		{85CE7319-EF29-4756-A791-CB6A0F78E91C}.Debug|Any CPU.Build.0 = Debug|Any CPU
		{85CE7319-EF29-4756-A791-CB6A0F78E91C}.Release|Any CPU.ActiveCfg = Release|Any CPU
		{85CE7319-EF29-4756-A791-CB6A0F78E91C}.Release|Any CPU.Build.0 = Release|Any CPU
		{394143CB-8103-4E23-8781-BE14D9D877D8}.Debug|Any CPU.ActiveCfg = Debug|Any CPU
		{394143CB-8103-4E23-8781-BE14D9D877D8}.Debug|Any CPU.Build.0 = Debug|Any CPU
		{394143CB-8103-4E23-8781-BE14D9D877D8}.Release|Any CPU.ActiveCfg = Release|Any CPU
		{394143CB-8103-4E23-8781-BE14D9D877D8}.Release|Any CPU.Build.0 = Release|Any CPU
		{28EF0738-BA30-4970-9657-D873E9C62521}.Debug|Any CPU.ActiveCfg = Debug|Any CPU
		{28EF0738-BA30-4970-9657-D873E9C62521}.Debug|Any CPU.Build.0 = Debug|Any CPU
		{28EF0738-BA30-4970-9657-D873E9C62521}.Release|Any CPU.ActiveCfg = Release|Any CPU
		{28EF0738-BA30-4970-9657-D873E9C62521}.Release|Any CPU.Build.0 = Release|Any CPU
		{48F07D07-F92F-4C6C-B729-CBC6C4DC80A7}.Debug|Any CPU.ActiveCfg = Debug|Any CPU
		{48F07D07-F92F-4C6C-B729-CBC6C4DC80A7}.Debug|Any CPU.Build.0 = Debug|Any CPU
		{48F07D07-F92F-4C6C-B729-CBC6C4DC80A7}.Release|Any CPU.ActiveCfg = Release|Any CPU
		{48F07D07-F92F-4C6C-B729-CBC6C4DC80A7}.Release|Any CPU.Build.0 = Release|Any CPU
		{89E309CF-7476-4A7E-B9CE-DE78728E0641}.Debug|Any CPU.ActiveCfg = Debug|Any CPU
		{89E309CF-7476-4A7E-B9CE-DE78728E0641}.Debug|Any CPU.Build.0 = Debug|Any CPU
		{89E309CF-7476-4A7E-B9CE-DE78728E0641}.Release|Any CPU.ActiveCfg = Release|Any CPU
		{89E309CF-7476-4A7E-B9CE-DE78728E0641}.Release|Any CPU.Build.0 = Release|Any CPU
		{B2EBF503-86DD-4271-8969-D9178F56C304}.Debug|Any CPU.ActiveCfg = Debug|Any CPU
		{B2EBF503-86DD-4271-8969-D9178F56C304}.Debug|Any CPU.Build.0 = Debug|Any CPU
		{B2EBF503-86DD-4271-8969-D9178F56C304}.Release|Any CPU.ActiveCfg = Release|Any CPU
		{B2EBF503-86DD-4271-8969-D9178F56C304}.Release|Any CPU.Build.0 = Release|Any CPU
		{F7545DBA-1209-497D-B69E-7368CBBD7A33}.Debug|Any CPU.ActiveCfg = Debug|Any CPU
		{F7545DBA-1209-497D-B69E-7368CBBD7A33}.Debug|Any CPU.Build.0 = Debug|Any CPU
		{F7545DBA-1209-497D-B69E-7368CBBD7A33}.Release|Any CPU.ActiveCfg = Release|Any CPU
		{F7545DBA-1209-497D-B69E-7368CBBD7A33}.Release|Any CPU.Build.0 = Release|Any CPU
		{A708D20B-070D-4D36-B11E-63011F9C0126}.Debug|Any CPU.ActiveCfg = Debug|Any CPU
		{A708D20B-070D-4D36-B11E-63011F9C0126}.Debug|Any CPU.Build.0 = Debug|Any CPU
		{A708D20B-070D-4D36-B11E-63011F9C0126}.Release|Any CPU.ActiveCfg = Release|Any CPU
		{A708D20B-070D-4D36-B11E-63011F9C0126}.Release|Any CPU.Build.0 = Release|Any CPU
		{8C0ED3AF-C03F-46AF-951D-34B48CCC0FDD}.Debug|Any CPU.ActiveCfg = Debug|Any CPU
		{8C0ED3AF-C03F-46AF-951D-34B48CCC0FDD}.Debug|Any CPU.Build.0 = Debug|Any CPU
		{8C0ED3AF-C03F-46AF-951D-34B48CCC0FDD}.Release|Any CPU.ActiveCfg = Release|Any CPU
		{8C0ED3AF-C03F-46AF-951D-34B48CCC0FDD}.Release|Any CPU.Build.0 = Release|Any CPU
		{2A9BCDB8-2288-42C3-BDBB-04B11611FC6F}.Debug|Any CPU.ActiveCfg = Debug|Any CPU
		{2A9BCDB8-2288-42C3-BDBB-04B11611FC6F}.Debug|Any CPU.Build.0 = Debug|Any CPU
		{2A9BCDB8-2288-42C3-BDBB-04B11611FC6F}.Release|Any CPU.ActiveCfg = Release|Any CPU
		{2A9BCDB8-2288-42C3-BDBB-04B11611FC6F}.Release|Any CPU.Build.0 = Release|Any CPU
		{1EE50E61-8A3B-4638-BA75-EF25F35089D2}.Debug|Any CPU.ActiveCfg = Debug|Any CPU
		{1EE50E61-8A3B-4638-BA75-EF25F35089D2}.Debug|Any CPU.Build.0 = Debug|Any CPU
		{1EE50E61-8A3B-4638-BA75-EF25F35089D2}.Release|Any CPU.ActiveCfg = Release|Any CPU
		{1EE50E61-8A3B-4638-BA75-EF25F35089D2}.Release|Any CPU.Build.0 = Release|Any CPU
		{A9AEF160-8F25-407B-B6E5-AC40ED7DD026}.Debug|Any CPU.ActiveCfg = Debug|Any CPU
		{A9AEF160-8F25-407B-B6E5-AC40ED7DD026}.Debug|Any CPU.Build.0 = Debug|Any CPU
		{A9AEF160-8F25-407B-B6E5-AC40ED7DD026}.Release|Any CPU.ActiveCfg = Release|Any CPU
		{A9AEF160-8F25-407B-B6E5-AC40ED7DD026}.Release|Any CPU.Build.0 = Release|Any CPU
		{08B731BC-29DF-44E3-B2A3-1096932DD87F}.Debug|Any CPU.ActiveCfg = Debug|Any CPU
		{08B731BC-29DF-44E3-B2A3-1096932DD87F}.Debug|Any CPU.Build.0 = Debug|Any CPU
		{08B731BC-29DF-44E3-B2A3-1096932DD87F}.Release|Any CPU.ActiveCfg = Release|Any CPU
		{08B731BC-29DF-44E3-B2A3-1096932DD87F}.Release|Any CPU.Build.0 = Release|Any CPU
		{1BB82229-52A6-4818-9080-18E007963908}.Debug|Any CPU.ActiveCfg = Debug|Any CPU
		{1BB82229-52A6-4818-9080-18E007963908}.Debug|Any CPU.Build.0 = Debug|Any CPU
		{1BB82229-52A6-4818-9080-18E007963908}.Release|Any CPU.ActiveCfg = Release|Any CPU
		{1BB82229-52A6-4818-9080-18E007963908}.Release|Any CPU.Build.0 = Release|Any CPU
		{FE92DB58-685A-47A8-A768-01D3A331AD1C}.Debug|Any CPU.ActiveCfg = Debug|Any CPU
		{FE92DB58-685A-47A8-A768-01D3A331AD1C}.Debug|Any CPU.Build.0 = Debug|Any CPU
		{FE92DB58-685A-47A8-A768-01D3A331AD1C}.Release|Any CPU.ActiveCfg = Release|Any CPU
		{FE92DB58-685A-47A8-A768-01D3A331AD1C}.Release|Any CPU.Build.0 = Release|Any CPU
		{B35DC816-304C-4628-88EA-96FD9C44B3B9}.Debug|Any CPU.ActiveCfg = Debug|Any CPU
		{B35DC816-304C-4628-88EA-96FD9C44B3B9}.Debug|Any CPU.Build.0 = Debug|Any CPU
		{B35DC816-304C-4628-88EA-96FD9C44B3B9}.Release|Any CPU.ActiveCfg = Release|Any CPU
		{B35DC816-304C-4628-88EA-96FD9C44B3B9}.Release|Any CPU.Build.0 = Release|Any CPU
		{3E5D9C24-CBDF-4365-BF89-ACF4A961885C}.Debug|Any CPU.ActiveCfg = Debug|Any CPU
		{3E5D9C24-CBDF-4365-BF89-ACF4A961885C}.Debug|Any CPU.Build.0 = Debug|Any CPU
		{3E5D9C24-CBDF-4365-BF89-ACF4A961885C}.Release|Any CPU.ActiveCfg = Release|Any CPU
		{3E5D9C24-CBDF-4365-BF89-ACF4A961885C}.Release|Any CPU.Build.0 = Release|Any CPU
		{B6364FFE-B08E-4D59-80D2-83ACAB9CADD7}.Debug|Any CPU.ActiveCfg = Debug|Any CPU
		{B6364FFE-B08E-4D59-80D2-83ACAB9CADD7}.Debug|Any CPU.Build.0 = Debug|Any CPU
		{B6364FFE-B08E-4D59-80D2-83ACAB9CADD7}.Release|Any CPU.ActiveCfg = Release|Any CPU
		{B6364FFE-B08E-4D59-80D2-83ACAB9CADD7}.Release|Any CPU.Build.0 = Release|Any CPU
		{2509F1D5-3665-4365-B104-9C3D25507B14}.Debug|Any CPU.ActiveCfg = Debug|Any CPU
		{2509F1D5-3665-4365-B104-9C3D25507B14}.Debug|Any CPU.Build.0 = Debug|Any CPU
		{2509F1D5-3665-4365-B104-9C3D25507B14}.Release|Any CPU.ActiveCfg = Release|Any CPU
		{2509F1D5-3665-4365-B104-9C3D25507B14}.Release|Any CPU.Build.0 = Release|Any CPU
		{B06D9FC0-B56F-4237-8508-AE8BCE3ADC44}.Debug|Any CPU.ActiveCfg = Debug|Any CPU
		{B06D9FC0-B56F-4237-8508-AE8BCE3ADC44}.Debug|Any CPU.Build.0 = Debug|Any CPU
		{B06D9FC0-B56F-4237-8508-AE8BCE3ADC44}.Release|Any CPU.ActiveCfg = Release|Any CPU
		{B06D9FC0-B56F-4237-8508-AE8BCE3ADC44}.Release|Any CPU.Build.0 = Release|Any CPU
		{750203CD-8435-4BA9-BA9D-50CB43C20766}.Debug|Any CPU.ActiveCfg = Debug|Any CPU
		{750203CD-8435-4BA9-BA9D-50CB43C20766}.Debug|Any CPU.Build.0 = Debug|Any CPU
		{750203CD-8435-4BA9-BA9D-50CB43C20766}.Release|Any CPU.ActiveCfg = Release|Any CPU
		{750203CD-8435-4BA9-BA9D-50CB43C20766}.Release|Any CPU.Build.0 = Release|Any CPU
		{11B23783-05B6-4BE7-AEB4-E5DD9E91146D}.Debug|Any CPU.ActiveCfg = Debug|Any CPU
		{11B23783-05B6-4BE7-AEB4-E5DD9E91146D}.Debug|Any CPU.Build.0 = Debug|Any CPU
		{11B23783-05B6-4BE7-AEB4-E5DD9E91146D}.Release|Any CPU.ActiveCfg = Release|Any CPU
		{11B23783-05B6-4BE7-AEB4-E5DD9E91146D}.Release|Any CPU.Build.0 = Release|Any CPU
		{D0ABA02D-AE5F-47D1-AD22-0D640C19DE01}.Debug|Any CPU.ActiveCfg = Debug|Any CPU
		{D0ABA02D-AE5F-47D1-AD22-0D640C19DE01}.Debug|Any CPU.Build.0 = Debug|Any CPU
		{D0ABA02D-AE5F-47D1-AD22-0D640C19DE01}.Release|Any CPU.ActiveCfg = Release|Any CPU
		{D0ABA02D-AE5F-47D1-AD22-0D640C19DE01}.Release|Any CPU.Build.0 = Release|Any CPU
	EndGlobalSection
	GlobalSection(SolutionProperties) = preSolution
		HideSolutionNode = FALSE
	EndGlobalSection
	GlobalSection(ExtensibilityGlobals) = postSolution
		SolutionGuid = {C2727719-8D5E-4FDE-921B-DA916ED0764B}
	EndGlobalSection
EndGlobal
